
Microsoft Visual Studio Solution File, Format Version 12.00
# Visual Studio Version 17
VisualStudioVersion = 17.2.32602.215
MinimumVisualStudioVersion = 10.0.40219.1
Project("{FAE04EC0-301F-11D3-BF4B-00C04F79EFBC}") = "Bingo", "Bingo\Bingo.csproj", "{A6484F3F-B623-49F3-9F8D-FD70F121FECA}"
EndProject
Global
	GlobalSection(SolutionConfigurationPlatforms) = preSolution
		Debug|Any CPU = Debug|Any CPU
		Release|Any CPU = Release|Any CPU
	EndGlobalSection
	GlobalSection(ProjectConfigurationPlatforms) = postSolution
		{A6484F3F-B623-49F3-9F8D-FD70F121FECA}.Debug|Any CPU.ActiveCfg = Debug|Any CPU
		{A6484F3F-B623-49F3-9F8D-FD70F121FECA}.Debug|Any CPU.Build.0 = Debug|Any CPU
		{A6484F3F-B623-49F3-9F8D-FD70F121FECA}.Release|Any CPU.ActiveCfg = Release|Any CPU
		{A6484F3F-B623-49F3-9F8D-FD70F121FECA}.Release|Any CPU.Build.0 = Release|Any CPU
	EndGlobalSection
	GlobalSection(SolutionProperties) = preSolution
		HideSolutionNode = FALSE
	EndGlobalSection
	GlobalSection(ExtensibilityGlobals) = postSolution
		SolutionGuid = {1BF751A0-B061-4967-8295-1EE5D1CE6113}
	EndGlobalSection
EndGlobal
